
Microsoft Visual Studio Solution File, Format Version 11.00
# Visual Studio 2010
Project("{FAE04EC0-301F-11D3-BF4B-00C04F79EFBC}") = "icsc", "icsc.csproj", "{9BDD207A-5DD5-4D3F-83B8-28B123AF445C}"
EndProject
Project("{FAE04EC0-301F-11D3-BF4B-00C04F79EFBC}") = "ParserTestProject", "ParserTestProject\ParserTestProject.csproj", "{A34F3D10-CBC2-4814-94AF-EAE9E98C4A19}"
EndProject
Project("{2150E333-8FDC-42A3-9474-1A3956D46DE8}") = "Solution Items", "Solution Items", "{FCF8C488-2201-4DAA-ACB9-2C16B66B67CC}"
	ProjectSection(SolutionItems) = preProject
		icsc.vsmdi = icsc.vsmdi
		Local.testsettings = Local.testsettings
		TraceAndTestImpact.testsettings = TraceAndTestImpact.testsettings
	EndProjectSection
EndProject
Global
	GlobalSection(TestCaseManagementSettings) = postSolution
		CategoryFile = icsc.vsmdi
	EndGlobalSection
	GlobalSection(SolutionConfigurationPlatforms) = preSolution
		Debug|Any CPU = Debug|Any CPU
		Debug|Mixed Platforms = Debug|Mixed Platforms
		Debug|x86 = Debug|x86
		Release|Any CPU = Release|Any CPU
		Release|Mixed Platforms = Release|Mixed Platforms
		Release|x86 = Release|x86
	EndGlobalSection
	GlobalSection(ProjectConfigurationPlatforms) = postSolution
		{9BDD207A-5DD5-4D3F-83B8-28B123AF445C}.Debug|Any CPU.ActiveCfg = Debug|x86
		{9BDD207A-5DD5-4D3F-83B8-28B123AF445C}.Debug|Mixed Platforms.ActiveCfg = Debug|x86
		{9BDD207A-5DD5-4D3F-83B8-28B123AF445C}.Debug|Mixed Platforms.Build.0 = Debug|x86
		{9BDD207A-5DD5-4D3F-83B8-28B123AF445C}.Debug|x86.ActiveCfg = Debug|x86
		{9BDD207A-5DD5-4D3F-83B8-28B123AF445C}.Debug|x86.Build.0 = Debug|x86
		{9BDD207A-5DD5-4D3F-83B8-28B123AF445C}.Release|Any CPU.ActiveCfg = Release|x86
		{9BDD207A-5DD5-4D3F-83B8-28B123AF445C}.Release|Mixed Platforms.ActiveCfg = Release|x86
		{9BDD207A-5DD5-4D3F-83B8-28B123AF445C}.Release|Mixed Platforms.Build.0 = Release|x86
		{9BDD207A-5DD5-4D3F-83B8-28B123AF445C}.Release|x86.ActiveCfg = Release|x86
		{9BDD207A-5DD5-4D3F-83B8-28B123AF445C}.Release|x86.Build.0 = Release|x86
		{A34F3D10-CBC2-4814-94AF-EAE9E98C4A19}.Debug|Any CPU.ActiveCfg = Debug|Any CPU
		{A34F3D10-CBC2-4814-94AF-EAE9E98C4A19}.Debug|Any CPU.Build.0 = Debug|Any CPU
		{A34F3D10-CBC2-4814-94AF-EAE9E98C4A19}.Debug|Mixed Platforms.ActiveCfg = Debug|Any CPU
		{A34F3D10-CBC2-4814-94AF-EAE9E98C4A19}.Debug|Mixed Platforms.Build.0 = Debug|Any CPU
		{A34F3D10-CBC2-4814-94AF-EAE9E98C4A19}.Debug|x86.ActiveCfg = Debug|Any CPU
		{A34F3D10-CBC2-4814-94AF-EAE9E98C4A19}.Release|Any CPU.ActiveCfg = Release|Any CPU
		{A34F3D10-CBC2-4814-94AF-EAE9E98C4A19}.Release|Any CPU.Build.0 = Release|Any CPU
		{A34F3D10-CBC2-4814-94AF-EAE9E98C4A19}.Release|Mixed Platforms.ActiveCfg = Release|Any CPU
		{A34F3D10-CBC2-4814-94AF-EAE9E98C4A19}.Release|Mixed Platforms.Build.0 = Release|Any CPU
		{A34F3D10-CBC2-4814-94AF-EAE9E98C4A19}.Release|x86.ActiveCfg = Release|Any CPU
	EndGlobalSection
	GlobalSection(SolutionProperties) = preSolution
		HideSolutionNode = FALSE
	EndGlobalSection
EndGlobal
